
Microsoft Visual Studio Solution File, Format Version 12.00
# Visual Studio Version 17
VisualStudioVersion = 17.0.31516.38
MinimumVisualStudioVersion = 10.0.40219.1
Project("{2150E333-8FDC-42A3-9474-1A3956D46DE8}") = "Solution Items", "Solution Items", "{070F0AEA-C0A0-4B5D-9286-55574A37BE7A}"
	ProjectSection(SolutionItems) = preProject
		Directory.Build.props = Directory.Build.props
		shipping.ruleset = shipping.ruleset
	EndProjectSection
EndProject
Project("{9A19103F-16F7-4668-BE54-9A1E7A4F7556}") = "CommandRegistrationsSample", "CommandRegistrationsSample\CommandRegistrationsSample.csproj", "{26601396-0E9A-4B38-8FE9-D5107B77D445}"
EndProject
Project("{9A19103F-16F7-4668-BE54-9A1E7A4F7556}") = "InsertGuidExtension", "InsertGuidExtension\InsertGuidExtension.csproj", "{0B822716-63CA-41A9-8914-254A34C1976B}"
EndProject
Project("{9A19103F-16F7-4668-BE54-9A1E7A4F7556}") = "DocumentSelectorSample", "DocumentSelectorSample\DocumentSelectorSample.csproj", "{6D16A4D7-4CF1-4162-9538-06F2D8499821}"
EndProject
Project("{9A19103F-16F7-4668-BE54-9A1E7A4F7556}") = "MarkdownLinter", "MarkdownLinter\MarkdownLinter.csproj", "{F005B03E-66DC-4145-8BBA-9E21ABE582C2}"
EndProject
Project("{9A19103F-16F7-4668-BE54-9A1E7A4F7556}") = "SimpleRemoteCommandSample", "SimpleRemoteCommandSample\SimpleRemoteCommandSample.csproj", "{11EB62B3-79FD-450D-BC86-6FF414178B7E}"
EndProject
Project("{9A19103F-16F7-4668-BE54-9A1E7A4F7556}") = "ToolWindowExtension", "ToolWindowExtension\ToolWindowExtension.csproj", "{4605F69C-8179-409E-A3FA-431DD41F35CB}"
EndProject
Project("{9A19103F-16F7-4668-BE54-9A1E7A4F7556}") = "UserPromptSample", "UserPromptSample\UserPromptSample.csproj", "{6AAB3137-2974-45F1-A426-E28231F6FE13}"
EndProject
Project("{9A19103F-16F7-4668-BE54-9A1E7A4F7556}") = "OutputWindowSample", "OutputWindowSample\OutputWindowSample.csproj", "{053DB39C-56F5-41DC-9C85-EA14FE3F49B7}"
EndProject
Project("{2150E333-8FDC-42A3-9474-1A3956D46DE8}") = "CommentRemover", "CommentRemover", "{3849D25F-DB2F-4F28-B73D-3E154CBACAC0}"
EndProject
Project("{9A19103F-16F7-4668-BE54-9A1E7A4F7556}") = "CommentRemover", "CommentRemover\CommentRemover\CommentRemover.csproj", "{930E8217-2F63-4158-BB45-6EE0A018F012}"
EndProject
Project("{FAE04EC0-301F-11D3-BF4B-00C04F79EFBC}") = "CommentRemoverContainer", "CommentRemover\CommentRemoverContainer\CommentRemoverContainer.csproj", "{54B4B640-D71B-493D-80CF-DD37B17F1E75}"
EndProject
Project("{9A19103F-16F7-4668-BE54-9A1E7A4F7556}") = "CommandParentingSample", "Command-Parenting-Sample\Command-Parenting-Sample\CommandParentingSample.csproj", "{24317836-E83F-4565-B7C7-F412CFF4463B}"
EndProject
Project("{FAE04EC0-301F-11D3-BF4B-00C04F79EFBC}") = "VSProjectQueryAPISample", "VSProjectQueryAPISample\VSProjectQueryAPISample.csproj", "{EFFE7C47-E95A-4AB0-BB19-5C278978C406}"
EndProject
Global
	GlobalSection(SolutionConfigurationPlatforms) = preSolution
		Debug|Any CPU = Debug|Any CPU
		Debug|x86 = Debug|x86
		Release|Any CPU = Release|Any CPU
		Release|x86 = Release|x86
	EndGlobalSection
	GlobalSection(ProjectConfigurationPlatforms) = postSolution
		{26601396-0E9A-4B38-8FE9-D5107B77D445}.Debug|Any CPU.ActiveCfg = Debug|Any CPU
		{26601396-0E9A-4B38-8FE9-D5107B77D445}.Debug|Any CPU.Build.0 = Debug|Any CPU
		{26601396-0E9A-4B38-8FE9-D5107B77D445}.Debug|x86.ActiveCfg = Debug|Any CPU
		{26601396-0E9A-4B38-8FE9-D5107B77D445}.Debug|x86.Build.0 = Debug|Any CPU
		{26601396-0E9A-4B38-8FE9-D5107B77D445}.Release|Any CPU.ActiveCfg = Release|Any CPU
		{26601396-0E9A-4B38-8FE9-D5107B77D445}.Release|Any CPU.Build.0 = Release|Any CPU
		{26601396-0E9A-4B38-8FE9-D5107B77D445}.Release|x86.ActiveCfg = Release|Any CPU
		{26601396-0E9A-4B38-8FE9-D5107B77D445}.Release|x86.Build.0 = Release|Any CPU
		{0B822716-63CA-41A9-8914-254A34C1976B}.Debug|Any CPU.ActiveCfg = Debug|Any CPU
		{0B822716-63CA-41A9-8914-254A34C1976B}.Debug|Any CPU.Build.0 = Debug|Any CPU
		{0B822716-63CA-41A9-8914-254A34C1976B}.Debug|x86.ActiveCfg = Debug|Any CPU
		{0B822716-63CA-41A9-8914-254A34C1976B}.Debug|x86.Build.0 = Debug|Any CPU
		{0B822716-63CA-41A9-8914-254A34C1976B}.Release|Any CPU.ActiveCfg = Release|Any CPU
		{0B822716-63CA-41A9-8914-254A34C1976B}.Release|Any CPU.Build.0 = Release|Any CPU
		{0B822716-63CA-41A9-8914-254A34C1976B}.Release|x86.ActiveCfg = Release|Any CPU
		{0B822716-63CA-41A9-8914-254A34C1976B}.Release|x86.Build.0 = Release|Any CPU
		{6D16A4D7-4CF1-4162-9538-06F2D8499821}.Debug|Any CPU.ActiveCfg = Debug|Any CPU
		{6D16A4D7-4CF1-4162-9538-06F2D8499821}.Debug|Any CPU.Build.0 = Debug|Any CPU
		{6D16A4D7-4CF1-4162-9538-06F2D8499821}.Debug|x86.ActiveCfg = Debug|Any CPU
		{6D16A4D7-4CF1-4162-9538-06F2D8499821}.Debug|x86.Build.0 = Debug|Any CPU
		{6D16A4D7-4CF1-4162-9538-06F2D8499821}.Release|Any CPU.ActiveCfg = Release|Any CPU
		{6D16A4D7-4CF1-4162-9538-06F2D8499821}.Release|Any CPU.Build.0 = Release|Any CPU
		{6D16A4D7-4CF1-4162-9538-06F2D8499821}.Release|x86.ActiveCfg = Release|Any CPU
		{6D16A4D7-4CF1-4162-9538-06F2D8499821}.Release|x86.Build.0 = Release|Any CPU
		{F005B03E-66DC-4145-8BBA-9E21ABE582C2}.Debug|Any CPU.ActiveCfg = Debug|Any CPU
		{F005B03E-66DC-4145-8BBA-9E21ABE582C2}.Debug|Any CPU.Build.0 = Debug|Any CPU
		{F005B03E-66DC-4145-8BBA-9E21ABE582C2}.Debug|x86.ActiveCfg = Debug|Any CPU
		{F005B03E-66DC-4145-8BBA-9E21ABE582C2}.Debug|x86.Build.0 = Debug|Any CPU
		{F005B03E-66DC-4145-8BBA-9E21ABE582C2}.Release|Any CPU.ActiveCfg = Release|Any CPU
		{F005B03E-66DC-4145-8BBA-9E21ABE582C2}.Release|Any CPU.Build.0 = Release|Any CPU
		{F005B03E-66DC-4145-8BBA-9E21ABE582C2}.Release|x86.ActiveCfg = Release|Any CPU
		{F005B03E-66DC-4145-8BBA-9E21ABE582C2}.Release|x86.Build.0 = Release|Any CPU
		{11EB62B3-79FD-450D-BC86-6FF414178B7E}.Debug|Any CPU.ActiveCfg = Debug|Any CPU
		{11EB62B3-79FD-450D-BC86-6FF414178B7E}.Debug|Any CPU.Build.0 = Debug|Any CPU
		{11EB62B3-79FD-450D-BC86-6FF414178B7E}.Debug|x86.ActiveCfg = Debug|Any CPU
		{11EB62B3-79FD-450D-BC86-6FF414178B7E}.Debug|x86.Build.0 = Debug|Any CPU
		{11EB62B3-79FD-450D-BC86-6FF414178B7E}.Release|Any CPU.ActiveCfg = Release|Any CPU
		{11EB62B3-79FD-450D-BC86-6FF414178B7E}.Release|Any CPU.Build.0 = Release|Any CPU
		{11EB62B3-79FD-450D-BC86-6FF414178B7E}.Release|x86.ActiveCfg = Release|Any CPU
		{11EB62B3-79FD-450D-BC86-6FF414178B7E}.Release|x86.Build.0 = Release|Any CPU
		{4605F69C-8179-409E-A3FA-431DD41F35CB}.Debug|Any CPU.ActiveCfg = Debug|Any CPU
		{4605F69C-8179-409E-A3FA-431DD41F35CB}.Debug|Any CPU.Build.0 = Debug|Any CPU
		{4605F69C-8179-409E-A3FA-431DD41F35CB}.Debug|x86.ActiveCfg = Debug|Any CPU
		{4605F69C-8179-409E-A3FA-431DD41F35CB}.Debug|x86.Build.0 = Debug|Any CPU
		{4605F69C-8179-409E-A3FA-431DD41F35CB}.Release|Any CPU.ActiveCfg = Release|Any CPU
		{4605F69C-8179-409E-A3FA-431DD41F35CB}.Release|Any CPU.Build.0 = Release|Any CPU
		{4605F69C-8179-409E-A3FA-431DD41F35CB}.Release|x86.ActiveCfg = Release|Any CPU
		{4605F69C-8179-409E-A3FA-431DD41F35CB}.Release|x86.Build.0 = Release|Any CPU
		{6AAB3137-2974-45F1-A426-E28231F6FE13}.Debug|Any CPU.ActiveCfg = Debug|Any CPU
		{6AAB3137-2974-45F1-A426-E28231F6FE13}.Debug|Any CPU.Build.0 = Debug|Any CPU
		{6AAB3137-2974-45F1-A426-E28231F6FE13}.Debug|x86.ActiveCfg = Debug|Any CPU
		{6AAB3137-2974-45F1-A426-E28231F6FE13}.Debug|x86.Build.0 = Debug|Any CPU
		{6AAB3137-2974-45F1-A426-E28231F6FE13}.Release|Any CPU.ActiveCfg = Release|Any CPU
		{6AAB3137-2974-45F1-A426-E28231F6FE13}.Release|Any CPU.Build.0 = Release|Any CPU
		{6AAB3137-2974-45F1-A426-E28231F6FE13}.Release|x86.ActiveCfg = Release|Any CPU
		{6AAB3137-2974-45F1-A426-E28231F6FE13}.Release|x86.Build.0 = Release|Any CPU
		{053DB39C-56F5-41DC-9C85-EA14FE3F49B7}.Debug|Any CPU.ActiveCfg = Debug|Any CPU
		{053DB39C-56F5-41DC-9C85-EA14FE3F49B7}.Debug|Any CPU.Build.0 = Debug|Any CPU
		{053DB39C-56F5-41DC-9C85-EA14FE3F49B7}.Debug|x86.ActiveCfg = Debug|Any CPU
		{053DB39C-56F5-41DC-9C85-EA14FE3F49B7}.Debug|x86.Build.0 = Debug|Any CPU
		{053DB39C-56F5-41DC-9C85-EA14FE3F49B7}.Release|Any CPU.ActiveCfg = Release|Any CPU
		{053DB39C-56F5-41DC-9C85-EA14FE3F49B7}.Release|Any CPU.Build.0 = Release|Any CPU
		{053DB39C-56F5-41DC-9C85-EA14FE3F49B7}.Release|x86.ActiveCfg = Release|Any CPU
		{053DB39C-56F5-41DC-9C85-EA14FE3F49B7}.Release|x86.Build.0 = Release|Any CPU
		{930E8217-2F63-4158-BB45-6EE0A018F012}.Debug|Any CPU.ActiveCfg = Debug|Any CPU
		{930E8217-2F63-4158-BB45-6EE0A018F012}.Debug|Any CPU.Build.0 = Debug|Any CPU
		{930E8217-2F63-4158-BB45-6EE0A018F012}.Debug|x86.ActiveCfg = Debug|Any CPU
		{930E8217-2F63-4158-BB45-6EE0A018F012}.Debug|x86.Build.0 = Debug|Any CPU
		{930E8217-2F63-4158-BB45-6EE0A018F012}.Release|Any CPU.ActiveCfg = Release|Any CPU
		{930E8217-2F63-4158-BB45-6EE0A018F012}.Release|Any CPU.Build.0 = Release|Any CPU
		{930E8217-2F63-4158-BB45-6EE0A018F012}.Release|x86.ActiveCfg = Release|Any CPU
		{930E8217-2F63-4158-BB45-6EE0A018F012}.Release|x86.Build.0 = Release|Any CPU
		{54B4B640-D71B-493D-80CF-DD37B17F1E75}.Debug|Any CPU.ActiveCfg = Debug|Any CPU
		{54B4B640-D71B-493D-80CF-DD37B17F1E75}.Debug|Any CPU.Build.0 = Debug|Any CPU
		{54B4B640-D71B-493D-80CF-DD37B17F1E75}.Debug|x86.ActiveCfg = Debug|x86
		{54B4B640-D71B-493D-80CF-DD37B17F1E75}.Debug|x86.Build.0 = Debug|x86
		{54B4B640-D71B-493D-80CF-DD37B17F1E75}.Release|Any CPU.ActiveCfg = Release|Any CPU
		{54B4B640-D71B-493D-80CF-DD37B17F1E75}.Release|Any CPU.Build.0 = Release|Any CPU
		{54B4B640-D71B-493D-80CF-DD37B17F1E75}.Release|x86.ActiveCfg = Release|x86
		{54B4B640-D71B-493D-80CF-DD37B17F1E75}.Release|x86.Build.0 = Release|x86
		{24317836-E83F-4565-B7C7-F412CFF4463B}.Debug|Any CPU.ActiveCfg = Debug|Any CPU
		{24317836-E83F-4565-B7C7-F412CFF4463B}.Debug|Any CPU.Build.0 = Debug|Any CPU
		{24317836-E83F-4565-B7C7-F412CFF4463B}.Debug|x86.ActiveCfg = Debug|Any CPU
		{24317836-E83F-4565-B7C7-F412CFF4463B}.Debug|x86.Build.0 = Debug|Any CPU
		{24317836-E83F-4565-B7C7-F412CFF4463B}.Release|Any CPU.ActiveCfg = Release|Any CPU
		{24317836-E83F-4565-B7C7-F412CFF4463B}.Release|Any CPU.Build.0 = Release|Any CPU
		{24317836-E83F-4565-B7C7-F412CFF4463B}.Release|x86.ActiveCfg = Release|Any CPU
		{24317836-E83F-4565-B7C7-F412CFF4463B}.Release|x86.Build.0 = Release|Any CPU
		{EFFE7C47-E95A-4AB0-BB19-5C278978C406}.Debug|Any CPU.ActiveCfg = Debug|Any CPU
		{EFFE7C47-E95A-4AB0-BB19-5C278978C406}.Debug|Any CPU.Build.0 = Debug|Any CPU
		{EFFE7C47-E95A-4AB0-BB19-5C278978C406}.Debug|x86.ActiveCfg = Debug|Any CPU
		{EFFE7C47-E95A-4AB0-BB19-5C278978C406}.Debug|x86.Build.0 = Debug|Any CPU
		{EFFE7C47-E95A-4AB0-BB19-5C278978C406}.Release|Any CPU.ActiveCfg = Release|Any CPU
		{EFFE7C47-E95A-4AB0-BB19-5C278978C406}.Release|Any CPU.Build.0 = Release|Any CPU
		{EFFE7C47-E95A-4AB0-BB19-5C278978C406}.Release|x86.ActiveCfg = Release|Any CPU
		{EFFE7C47-E95A-4AB0-BB19-5C278978C406}.Release|x86.Build.0 = Release|Any CPU
	EndGlobalSection
	GlobalSection(SolutionProperties) = preSolution
		HideSolutionNode = FALSE
	EndGlobalSection
	GlobalSection(NestedProjects) = preSolution
		{930E8217-2F63-4158-BB45-6EE0A018F012} = {3849D25F-DB2F-4F28-B73D-3E154CBACAC0}
		{54B4B640-D71B-493D-80CF-DD37B17F1E75} = {3849D25F-DB2F-4F28-B73D-3E154CBACAC0}
	EndGlobalSection
	GlobalSection(ExtensibilityGlobals) = postSolution
		SolutionGuid = {40A38C8A-61B7-427B-A430-DEB75BE34F22}
	EndGlobalSection
EndGlobal
