
Microsoft Visual Studio Solution File, Format Version 12.00
# Visual Studio Version 17
VisualStudioVersion = 17.9.34329.44
MinimumVisualStudioVersion = 10.0.40219.1
Project("{2150E333-8FDC-42A3-9474-1A3956D46DE8}") = "Solution Items", "Solution Items", "{070F0AEA-C0A0-4B5D-9286-55574A37BE7A}"
	ProjectSection(SolutionItems) = preProject
		Directory.Build.props = Directory.Build.props
		shipping.ruleset = shipping.ruleset
	EndProjectSection
EndProject
Project("{9A19103F-16F7-4668-BE54-9A1E7A4F7556}") = "DocumentSelectorSample", "DocumentSelectorSample\DocumentSelectorSample.csproj", "{6D16A4D7-4CF1-4162-9538-06F2D8499821}"
EndProject
Project("{9A19103F-16F7-4668-BE54-9A1E7A4F7556}") = "MarkdownLinter", "MarkdownLinter\MarkdownLinter.csproj", "{F005B03E-66DC-4145-8BBA-9E21ABE582C2}"
EndProject
Project("{9A19103F-16F7-4668-BE54-9A1E7A4F7556}") = "SimpleRemoteCommandSample", "SimpleRemoteCommandSample\SimpleRemoteCommandSample.csproj", "{11EB62B3-79FD-450D-BC86-6FF414178B7E}"
EndProject
Project("{9A19103F-16F7-4668-BE54-9A1E7A4F7556}") = "UserPromptSample", "UserPromptSample\UserPromptSample.csproj", "{6AAB3137-2974-45F1-A426-E28231F6FE13}"
EndProject
Project("{9A19103F-16F7-4668-BE54-9A1E7A4F7556}") = "OutputWindowSample", "OutputWindowSample\OutputWindowSample.csproj", "{053DB39C-56F5-41DC-9C85-EA14FE3F49B7}"
EndProject
Project("{9A19103F-16F7-4668-BE54-9A1E7A4F7556}") = "CommandParentingSample", "CommandParentingSample\CommandParentingSample.csproj", "{30A57F3B-B2DC-414D-A37B-2A4ECB819D4B}"
EndProject
Project("{9A19103F-16F7-4668-BE54-9A1E7A4F7556}") = "DialogSample", "DialogSample\DialogSample.csproj", "{563DFF27-B946-40A3-9EB2-F3B8CCFE4F0A}"
EndProject
Project("{9A19103F-16F7-4668-BE54-9A1E7A4F7556}") = "InsertGuid", "InsertGuid\InsertGuid.csproj", "{E9A9549D-5F36-4C82-86A5-824A538B8E51}"
EndProject
Project("{9A19103F-16F7-4668-BE54-9A1E7A4F7556}") = "VSProjectQueryAPISample", "VSProjectQueryAPISample\VSProjectQueryAPISample.csproj", "{AA2CA55C-851A-471B-96DD-660A43E1F9FB}"
EndProject
Project("{9A19103F-16F7-4668-BE54-9A1E7A4F7556}") = "ToolWindowSample", "ToolWindowSample\ToolWindowSample.csproj", "{B44726AE-1F46-4C3A-BF1E-321E43E4BE9D}"
EndProject
Project("{2150E333-8FDC-42A3-9474-1A3956D46DE8}") = "RegexMatchDebugVisualizer", "RegexMatchDebugVisualizer", "{8554ABE3-9105-4AF7-9318-81414CC190C6}"
EndProject
Project("{9A19103F-16F7-4668-BE54-9A1E7A4F7556}") = "RegexMatchDebugVisualizer", "RegexMatchDebugVisualizer\RegexMatchDebugVisualizer\RegexMatchDebugVisualizer.csproj", "{646BC52B-12B8-4FB0-A483-119771576560}"
EndProject
Project("{9A19103F-16F7-4668-BE54-9A1E7A4F7556}") = "RegexMatchObjectSource", "RegexMatchDebugVisualizer\RegexMatchObjectSource\RegexMatchObjectSource.csproj", "{176CF461-98DA-403B-9CCD-BA8695BB8586}"
EndProject
Project("{9A19103F-16F7-4668-BE54-9A1E7A4F7556}") = "WordCountMarginSample", "WordCountMargin\WordCountMarginSample.csproj", "{60341B35-AE0D-43D1-B6FA-DB02309BC8D1}"
EndProject
Project("{2150E333-8FDC-42A3-9474-1A3956D46DE8}") = "MemoryStreamDebugVisualizer", "MemoryStreamDebugVisualizer", "{D235C6BF-C068-4459-A5B6-9C508B8A9FEB}"
EndProject
Project("{9A19103F-16F7-4668-BE54-9A1E7A4F7556}") = "MemoryStreamObjectSource", "MemoryStreamDebugVisualizer\MemoryStreamObjectSource\MemoryStreamObjectSource.csproj", "{BFEE0E3B-025D-4AB6-A40B-0E05F7DBFB90}"
EndProject
Project("{9A19103F-16F7-4668-BE54-9A1E7A4F7556}") = "MemoryStreamVisualizer", "MemoryStreamDebugVisualizer\MemoryStreamVisualizer\MemoryStreamVisualizer.csproj", "{AA31B852-5E22-4CAC-AF38-B62FA592E747}"
EndProject
Project("{9A19103F-16F7-4668-BE54-9A1E7A4F7556}") = "CommentRemover", "CommentRemover\CommentRemover.csproj", "{F76CD115-2F74-4381-878B-F90A04012195}"
EndProject
Project("{9A19103F-16F7-4668-BE54-9A1E7A4F7556}") = "RustLanguageServerProvider", "RustLanguageServerProvider\RustLanguageServerProvider.csproj", "{99684185-2C81-45B3-A69F-0852AD0E4F9E}"
EndProject
Project("{9A19103F-16F7-4668-BE54-9A1E7A4F7556}") = "FeatureGallery", "FeatureGallery\FeatureGallery.csproj", "{7411CD7E-B825-4E7A-91A9-99A65EEE4073}"
EndProject
Project("{9A19103F-16F7-4668-BE54-9A1E7A4F7556}") = "InProcFeatureGallery", "InProcFeatureGallery\InProcFeatureGallery.csproj", "{713DB53E-4099-42FF-B6D9-ACA84F6136D9}"
EndProject
Global
	GlobalSection(SolutionConfigurationPlatforms) = preSolution
		Debug|Any CPU = Debug|Any CPU
		Release|Any CPU = Release|Any CPU
	EndGlobalSection
	GlobalSection(ProjectConfigurationPlatforms) = postSolution
		{6D16A4D7-4CF1-4162-9538-06F2D8499821}.Debug|Any CPU.ActiveCfg = Debug|Any CPU
		{6D16A4D7-4CF1-4162-9538-06F2D8499821}.Debug|Any CPU.Build.0 = Debug|Any CPU
		{6D16A4D7-4CF1-4162-9538-06F2D8499821}.Release|Any CPU.ActiveCfg = Release|Any CPU
		{6D16A4D7-4CF1-4162-9538-06F2D8499821}.Release|Any CPU.Build.0 = Release|Any CPU
		{F005B03E-66DC-4145-8BBA-9E21ABE582C2}.Debug|Any CPU.ActiveCfg = Debug|Any CPU
		{F005B03E-66DC-4145-8BBA-9E21ABE582C2}.Debug|Any CPU.Build.0 = Debug|Any CPU
		{F005B03E-66DC-4145-8BBA-9E21ABE582C2}.Release|Any CPU.ActiveCfg = Release|Any CPU
		{F005B03E-66DC-4145-8BBA-9E21ABE582C2}.Release|Any CPU.Build.0 = Release|Any CPU
		{11EB62B3-79FD-450D-BC86-6FF414178B7E}.Debug|Any CPU.ActiveCfg = Debug|Any CPU
		{11EB62B3-79FD-450D-BC86-6FF414178B7E}.Debug|Any CPU.Build.0 = Debug|Any CPU
		{11EB62B3-79FD-450D-BC86-6FF414178B7E}.Release|Any CPU.ActiveCfg = Release|Any CPU
		{11EB62B3-79FD-450D-BC86-6FF414178B7E}.Release|Any CPU.Build.0 = Release|Any CPU
		{6AAB3137-2974-45F1-A426-E28231F6FE13}.Debug|Any CPU.ActiveCfg = Debug|Any CPU
		{6AAB3137-2974-45F1-A426-E28231F6FE13}.Debug|Any CPU.Build.0 = Debug|Any CPU
		{6AAB3137-2974-45F1-A426-E28231F6FE13}.Release|Any CPU.ActiveCfg = Release|Any CPU
		{6AAB3137-2974-45F1-A426-E28231F6FE13}.Release|Any CPU.Build.0 = Release|Any CPU
		{053DB39C-56F5-41DC-9C85-EA14FE3F49B7}.Debug|Any CPU.ActiveCfg = Debug|Any CPU
		{053DB39C-56F5-41DC-9C85-EA14FE3F49B7}.Debug|Any CPU.Build.0 = Debug|Any CPU
		{053DB39C-56F5-41DC-9C85-EA14FE3F49B7}.Release|Any CPU.ActiveCfg = Release|Any CPU
		{053DB39C-56F5-41DC-9C85-EA14FE3F49B7}.Release|Any CPU.Build.0 = Release|Any CPU
		{30A57F3B-B2DC-414D-A37B-2A4ECB819D4B}.Debug|Any CPU.ActiveCfg = Debug|Any CPU
		{30A57F3B-B2DC-414D-A37B-2A4ECB819D4B}.Debug|Any CPU.Build.0 = Debug|Any CPU
		{30A57F3B-B2DC-414D-A37B-2A4ECB819D4B}.Release|Any CPU.ActiveCfg = Release|Any CPU
		{30A57F3B-B2DC-414D-A37B-2A4ECB819D4B}.Release|Any CPU.Build.0 = Release|Any CPU
		{563DFF27-B946-40A3-9EB2-F3B8CCFE4F0A}.Debug|Any CPU.ActiveCfg = Debug|Any CPU
		{563DFF27-B946-40A3-9EB2-F3B8CCFE4F0A}.Debug|Any CPU.Build.0 = Debug|Any CPU
		{563DFF27-B946-40A3-9EB2-F3B8CCFE4F0A}.Release|Any CPU.ActiveCfg = Release|Any CPU
		{563DFF27-B946-40A3-9EB2-F3B8CCFE4F0A}.Release|Any CPU.Build.0 = Release|Any CPU
		{E9A9549D-5F36-4C82-86A5-824A538B8E51}.Debug|Any CPU.ActiveCfg = Debug|Any CPU
		{E9A9549D-5F36-4C82-86A5-824A538B8E51}.Debug|Any CPU.Build.0 = Debug|Any CPU
		{E9A9549D-5F36-4C82-86A5-824A538B8E51}.Release|Any CPU.ActiveCfg = Release|Any CPU
		{E9A9549D-5F36-4C82-86A5-824A538B8E51}.Release|Any CPU.Build.0 = Release|Any CPU
		{AA2CA55C-851A-471B-96DD-660A43E1F9FB}.Debug|Any CPU.ActiveCfg = Debug|Any CPU
		{AA2CA55C-851A-471B-96DD-660A43E1F9FB}.Debug|Any CPU.Build.0 = Debug|Any CPU
		{AA2CA55C-851A-471B-96DD-660A43E1F9FB}.Release|Any CPU.ActiveCfg = Release|Any CPU
		{AA2CA55C-851A-471B-96DD-660A43E1F9FB}.Release|Any CPU.Build.0 = Release|Any CPU
		{B44726AE-1F46-4C3A-BF1E-321E43E4BE9D}.Debug|Any CPU.ActiveCfg = Debug|Any CPU
		{B44726AE-1F46-4C3A-BF1E-321E43E4BE9D}.Debug|Any CPU.Build.0 = Debug|Any CPU
		{B44726AE-1F46-4C3A-BF1E-321E43E4BE9D}.Release|Any CPU.ActiveCfg = Release|Any CPU
		{B44726AE-1F46-4C3A-BF1E-321E43E4BE9D}.Release|Any CPU.Build.0 = Release|Any CPU
		{646BC52B-12B8-4FB0-A483-119771576560}.Debug|Any CPU.ActiveCfg = Debug|Any CPU
		{646BC52B-12B8-4FB0-A483-119771576560}.Debug|Any CPU.Build.0 = Debug|Any CPU
		{646BC52B-12B8-4FB0-A483-119771576560}.Release|Any CPU.ActiveCfg = Release|Any CPU
		{646BC52B-12B8-4FB0-A483-119771576560}.Release|Any CPU.Build.0 = Release|Any CPU
		{176CF461-98DA-403B-9CCD-BA8695BB8586}.Debug|Any CPU.ActiveCfg = Debug|Any CPU
		{176CF461-98DA-403B-9CCD-BA8695BB8586}.Debug|Any CPU.Build.0 = Debug|Any CPU
		{176CF461-98DA-403B-9CCD-BA8695BB8586}.Release|Any CPU.ActiveCfg = Release|Any CPU
		{176CF461-98DA-403B-9CCD-BA8695BB8586}.Release|Any CPU.Build.0 = Release|Any CPU
		{60341B35-AE0D-43D1-B6FA-DB02309BC8D1}.Debug|Any CPU.ActiveCfg = Debug|Any CPU
		{60341B35-AE0D-43D1-B6FA-DB02309BC8D1}.Debug|Any CPU.Build.0 = Debug|Any CPU
		{60341B35-AE0D-43D1-B6FA-DB02309BC8D1}.Release|Any CPU.ActiveCfg = Release|Any CPU
		{60341B35-AE0D-43D1-B6FA-DB02309BC8D1}.Release|Any CPU.Build.0 = Release|Any CPU
		{BFEE0E3B-025D-4AB6-A40B-0E05F7DBFB90}.Debug|Any CPU.ActiveCfg = Debug|Any CPU
		{BFEE0E3B-025D-4AB6-A40B-0E05F7DBFB90}.Debug|Any CPU.Build.0 = Debug|Any CPU
		{BFEE0E3B-025D-4AB6-A40B-0E05F7DBFB90}.Release|Any CPU.ActiveCfg = Release|Any CPU
		{BFEE0E3B-025D-4AB6-A40B-0E05F7DBFB90}.Release|Any CPU.Build.0 = Release|Any CPU
		{AA31B852-5E22-4CAC-AF38-B62FA592E747}.Debug|Any CPU.ActiveCfg = Debug|Any CPU
		{AA31B852-5E22-4CAC-AF38-B62FA592E747}.Debug|Any CPU.Build.0 = Debug|Any CPU
		{AA31B852-5E22-4CAC-AF38-B62FA592E747}.Release|Any CPU.ActiveCfg = Release|Any CPU
		{AA31B852-5E22-4CAC-AF38-B62FA592E747}.Release|Any CPU.Build.0 = Release|Any CPU
		{F76CD115-2F74-4381-878B-F90A04012195}.Debug|Any CPU.ActiveCfg = Debug|Any CPU
		{F76CD115-2F74-4381-878B-F90A04012195}.Debug|Any CPU.Build.0 = Debug|Any CPU
		{F76CD115-2F74-4381-878B-F90A04012195}.Release|Any CPU.ActiveCfg = Release|Any CPU
		{F76CD115-2F74-4381-878B-F90A04012195}.Release|Any CPU.Build.0 = Release|Any CPU
		{99684185-2C81-45B3-A69F-0852AD0E4F9E}.Debug|Any CPU.ActiveCfg = Debug|Any CPU
		{99684185-2C81-45B3-A69F-0852AD0E4F9E}.Debug|Any CPU.Build.0 = Debug|Any CPU
		{99684185-2C81-45B3-A69F-0852AD0E4F9E}.Release|Any CPU.ActiveCfg = Release|Any CPU
		{99684185-2C81-45B3-A69F-0852AD0E4F9E}.Release|Any CPU.Build.0 = Release|Any CPU
		{7411CD7E-B825-4E7A-91A9-99A65EEE4073}.Debug|Any CPU.ActiveCfg = Debug|Any CPU
		{7411CD7E-B825-4E7A-91A9-99A65EEE4073}.Debug|Any CPU.Build.0 = Debug|Any CPU
		{7411CD7E-B825-4E7A-91A9-99A65EEE4073}.Release|Any CPU.ActiveCfg = Release|Any CPU
		{7411CD7E-B825-4E7A-91A9-99A65EEE4073}.Release|Any CPU.Build.0 = Release|Any CPU
		{713DB53E-4099-42FF-B6D9-ACA84F6136D9}.Debug|Any CPU.ActiveCfg = Debug|Any CPU
		{713DB53E-4099-42FF-B6D9-ACA84F6136D9}.Debug|Any CPU.Build.0 = Debug|Any CPU
		{713DB53E-4099-42FF-B6D9-ACA84F6136D9}.Release|Any CPU.ActiveCfg = Release|Any CPU
		{713DB53E-4099-42FF-B6D9-ACA84F6136D9}.Release|Any CPU.Build.0 = Release|Any CPU
	EndGlobalSection
	GlobalSection(SolutionProperties) = preSolution
		HideSolutionNode = FALSE
	EndGlobalSection
	GlobalSection(NestedProjects) = preSolution
		{646BC52B-12B8-4FB0-A483-119771576560} = {8554ABE3-9105-4AF7-9318-81414CC190C6}
		{176CF461-98DA-403B-9CCD-BA8695BB8586} = {8554ABE3-9105-4AF7-9318-81414CC190C6}
		{BFEE0E3B-025D-4AB6-A40B-0E05F7DBFB90} = {D235C6BF-C068-4459-A5B6-9C508B8A9FEB}
		{AA31B852-5E22-4CAC-AF38-B62FA592E747} = {D235C6BF-C068-4459-A5B6-9C508B8A9FEB}
	EndGlobalSection
	GlobalSection(ExtensibilityGlobals) = postSolution
		SolutionGuid = {40A38C8A-61B7-427B-A430-DEB75BE34F22}
	EndGlobalSection
EndGlobal
